
Microsoft Visual Studio Solution File, Format Version 12.00
# Visual Studio Version 16
VisualStudioVersion = 16.0.30611.23
MinimumVisualStudioVersion = 10.0.40219.1
Project("{FAE04EC0-301F-11D3-BF4B-00C04F79EFBC}") = "TestAppUE04", "ConsoleApp2\TestAppUE04.csproj", "{F745E281-AC14-4314-A20B-EEB581DEEDA5}"
EndProject
Global
	GlobalSection(SolutionConfigurationPlatforms) = preSolution
		Debug|Any CPU = Debug|Any CPU
		Release|Any CPU = Release|Any CPU
	EndGlobalSection
	GlobalSection(ProjectConfigurationPlatforms) = postSolution
		{F745E281-AC14-4314-A20B-EEB581DEEDA5}.Debug|Any CPU.ActiveCfg = Debug|Any CPU
		{F745E281-AC14-4314-A20B-EEB581DEEDA5}.Debug|Any CPU.Build.0 = Debug|Any CPU
		{F745E281-AC14-4314-A20B-EEB581DEEDA5}.Release|Any CPU.ActiveCfg = Release|Any CPU
		{F745E281-AC14-4314-A20B-EEB581DEEDA5}.Release|Any CPU.Build.0 = Release|Any CPU
	EndGlobalSection
	GlobalSection(SolutionProperties) = preSolution
		HideSolutionNode = FALSE
	EndGlobalSection
	GlobalSection(ExtensibilityGlobals) = postSolution
		SolutionGuid = {64FCF85B-2A39-4ECB-A3F0-67F7133FB0B6}
	EndGlobalSection
EndGlobal
